
Microsoft Visual Studio Solution File, Format Version 12.00
# Visual Studio Version 17
VisualStudioVersion = 17.3.32901.215
MinimumVisualStudioVersion = 10.0.40219.1
Project("{9A19103F-16F7-4668-BE54-9A1E7A4F7556}") = "API.Auth", "API.Auth\API.Auth.csproj", "{4E5A79CE-C571-4DE1-9968-5332712B7330}"
EndProject
Project("{FAE04EC0-301F-11D3-BF4B-00C04F79EFBC}") = "DAL", "API.Auth\DAL\DAL.csproj", "{D3CFE939-8911-482D-864E-E024E6B3DADD}"
EndProject
Global
	GlobalSection(SolutionConfigurationPlatforms) = preSolution
		Debug|Any CPU = Debug|Any CPU
		Release|Any CPU = Release|Any CPU
	EndGlobalSection
	GlobalSection(ProjectConfigurationPlatforms) = postSolution
		{4E5A79CE-C571-4DE1-9968-5332712B7330}.Debug|Any CPU.ActiveCfg = Debug|Any CPU
		{4E5A79CE-C571-4DE1-9968-5332712B7330}.Debug|Any CPU.Build.0 = Debug|Any CPU
		{4E5A79CE-C571-4DE1-9968-5332712B7330}.Release|Any CPU.ActiveCfg = Release|Any CPU
		{4E5A79CE-C571-4DE1-9968-5332712B7330}.Release|Any CPU.Build.0 = Release|Any CPU
		{D3CFE939-8911-482D-864E-E024E6B3DADD}.Debug|Any CPU.ActiveCfg = Debug|Any CPU
		{D3CFE939-8911-482D-864E-E024E6B3DADD}.Debug|Any CPU.Build.0 = Debug|Any CPU
		{D3CFE939-8911-482D-864E-E024E6B3DADD}.Release|Any CPU.ActiveCfg = Release|Any CPU
		{D3CFE939-8911-482D-864E-E024E6B3DADD}.Release|Any CPU.Build.0 = Release|Any CPU
	EndGlobalSection
	GlobalSection(SolutionProperties) = preSolution
		HideSolutionNode = FALSE
	EndGlobalSection
	GlobalSection(ExtensibilityGlobals) = postSolution
		SolutionGuid = {BC1BBC6D-08D2-448F-A120-1762290193DB}
	EndGlobalSection
EndGlobal
