
Microsoft Visual Studio Solution File, Format Version 12.00
# Visual Studio Version 17
VisualStudioVersion = 17.3.32901.215
MinimumVisualStudioVersion = 10.0.40219.1
Project("{9A19103F-16F7-4668-BE54-9A1E7A4F7556}") = "API.Auth", "API.Auth\API.Auth.csproj", "{4E5A79CE-C571-4DE1-9968-5332712B7330}"
EndProject
Project("{9A19103F-16F7-4668-BE54-9A1E7A4F7556}") = "DAL", "DAL\DAL.csproj", "{62CF45E0-2506-4CF2-9818-EDB1626185A5}"
EndProject
Project("{9A19103F-16F7-4668-BE54-9A1E7A4F7556}") = "BLL", "BLL\BLL.csproj", "{863D34D9-85EC-471F-AD9C-B73030E1BE5E}"
EndProject
Project("{2150E333-8FDC-42A3-9474-1A3956D46DE8}") = "Tests", "Tests", "{21E8FF79-08B3-4A42-9D0E-1111DEDD7375}"
EndProject
Project("{9A19103F-16F7-4668-BE54-9A1E7A4F7556}") = "Services.Tests", "Tests\Services.Tests\Services.Tests.csproj", "{3553B097-BBE7-41EC-8458-9A15C5868B15}"
EndProject
Project("{9A19103F-16F7-4668-BE54-9A1E7A4F7556}") = "Startup.Tests", "Tests\Startup.Tests\Startup.Tests.csproj", "{0BFDC1E2-085E-4444-8F30-EC097AED1D6F}"
EndProject
Global
	GlobalSection(SolutionConfigurationPlatforms) = preSolution
		Debug|Any CPU = Debug|Any CPU
		Release|Any CPU = Release|Any CPU
	EndGlobalSection
	GlobalSection(ProjectConfigurationPlatforms) = postSolution
		{4E5A79CE-C571-4DE1-9968-5332712B7330}.Debug|Any CPU.ActiveCfg = Debug|Any CPU
		{4E5A79CE-C571-4DE1-9968-5332712B7330}.Debug|Any CPU.Build.0 = Debug|Any CPU
		{4E5A79CE-C571-4DE1-9968-5332712B7330}.Release|Any CPU.ActiveCfg = Release|Any CPU
		{4E5A79CE-C571-4DE1-9968-5332712B7330}.Release|Any CPU.Build.0 = Release|Any CPU
		{62CF45E0-2506-4CF2-9818-EDB1626185A5}.Debug|Any CPU.ActiveCfg = Debug|Any CPU
		{62CF45E0-2506-4CF2-9818-EDB1626185A5}.Debug|Any CPU.Build.0 = Debug|Any CPU
		{62CF45E0-2506-4CF2-9818-EDB1626185A5}.Release|Any CPU.ActiveCfg = Release|Any CPU
		{62CF45E0-2506-4CF2-9818-EDB1626185A5}.Release|Any CPU.Build.0 = Release|Any CPU
		{863D34D9-85EC-471F-AD9C-B73030E1BE5E}.Debug|Any CPU.ActiveCfg = Debug|Any CPU
		{863D34D9-85EC-471F-AD9C-B73030E1BE5E}.Debug|Any CPU.Build.0 = Debug|Any CPU
		{863D34D9-85EC-471F-AD9C-B73030E1BE5E}.Release|Any CPU.ActiveCfg = Release|Any CPU
		{863D34D9-85EC-471F-AD9C-B73030E1BE5E}.Release|Any CPU.Build.0 = Release|Any CPU
		{3553B097-BBE7-41EC-8458-9A15C5868B15}.Debug|Any CPU.ActiveCfg = Debug|Any CPU
		{3553B097-BBE7-41EC-8458-9A15C5868B15}.Debug|Any CPU.Build.0 = Debug|Any CPU
		{3553B097-BBE7-41EC-8458-9A15C5868B15}.Release|Any CPU.ActiveCfg = Release|Any CPU
		{3553B097-BBE7-41EC-8458-9A15C5868B15}.Release|Any CPU.Build.0 = Release|Any CPU
		{0BFDC1E2-085E-4444-8F30-EC097AED1D6F}.Debug|Any CPU.ActiveCfg = Debug|Any CPU
		{0BFDC1E2-085E-4444-8F30-EC097AED1D6F}.Debug|Any CPU.Build.0 = Debug|Any CPU
		{0BFDC1E2-085E-4444-8F30-EC097AED1D6F}.Release|Any CPU.ActiveCfg = Release|Any CPU
		{0BFDC1E2-085E-4444-8F30-EC097AED1D6F}.Release|Any CPU.Build.0 = Release|Any CPU
	EndGlobalSection
	GlobalSection(SolutionProperties) = preSolution
		HideSolutionNode = FALSE
	EndGlobalSection
	GlobalSection(NestedProjects) = preSolution
		{3553B097-BBE7-41EC-8458-9A15C5868B15} = {21E8FF79-08B3-4A42-9D0E-1111DEDD7375}
		{0BFDC1E2-085E-4444-8F30-EC097AED1D6F} = {21E8FF79-08B3-4A42-9D0E-1111DEDD7375}
	EndGlobalSection
	GlobalSection(ExtensibilityGlobals) = postSolution
		SolutionGuid = {BC1BBC6D-08D2-448F-A120-1762290193DB}
	EndGlobalSection
EndGlobal
